
Microsoft Visual Studio Solution File, Format Version 12.00
# Visual Studio Version 16
VisualStudioVersion = 16.0.29418.71
MinimumVisualStudioVersion = 10.0.40219.1
Project("{9A19103F-16F7-4668-BE54-9A1E7A4F7556}") = "Plugin.XF.AppInstallHelper", "Plugin.XF.AppInstallHelper\Plugin.XF.AppInstallHelper.csproj", "{D27111A7-9A40-4EFB-A46D-B532DB25D546}"
EndProject
Project("{FAE04EC0-301F-11D3-BF4B-00C04F79EFBC}") = "Sample.Android", "Sample\Sample.Android\Sample.Android.csproj", "{CE26CFAC-38A7-4F90-ABBD-FC3351510B1F}"
EndProject
Project("{FAE04EC0-301F-11D3-BF4B-00C04F79EFBC}") = "Sample.iOS", "Sample\Sample.iOS\Sample.iOS.csproj", "{8E8B0E5C-2CB8-4961-A97B-DEFD8AA5E344}"
EndProject
Project("{FAE04EC0-301F-11D3-BF4B-00C04F79EFBC}") = "Sample", "Sample\Sample\Sample.csproj", "{8F89B7BB-D572-4E82-87DE-7EA34CFEDE1A}"
EndProject
Global
	GlobalSection(SolutionConfigurationPlatforms) = preSolution
		Debug|Any CPU = Debug|Any CPU
		Debug|iPhone = Debug|iPhone
		Debug|iPhoneSimulator = Debug|iPhoneSimulator
		Release|Any CPU = Release|Any CPU
		Release|iPhone = Release|iPhone
		Release|iPhoneSimulator = Release|iPhoneSimulator
	EndGlobalSection
	GlobalSection(ProjectConfigurationPlatforms) = postSolution
		{D27111A7-9A40-4EFB-A46D-B532DB25D546}.Debug|Any CPU.ActiveCfg = Debug|Any CPU
		{D27111A7-9A40-4EFB-A46D-B532DB25D546}.Debug|Any CPU.Build.0 = Debug|Any CPU
		{D27111A7-9A40-4EFB-A46D-B532DB25D546}.Debug|iPhone.ActiveCfg = Debug|Any CPU
		{D27111A7-9A40-4EFB-A46D-B532DB25D546}.Debug|iPhone.Build.0 = Debug|Any CPU
		{D27111A7-9A40-4EFB-A46D-B532DB25D546}.Debug|iPhoneSimulator.ActiveCfg = Debug|Any CPU
		{D27111A7-9A40-4EFB-A46D-B532DB25D546}.Debug|iPhoneSimulator.Build.0 = Debug|Any CPU
		{D27111A7-9A40-4EFB-A46D-B532DB25D546}.Release|Any CPU.ActiveCfg = Release|Any CPU
		{D27111A7-9A40-4EFB-A46D-B532DB25D546}.Release|Any CPU.Build.0 = Release|Any CPU
		{D27111A7-9A40-4EFB-A46D-B532DB25D546}.Release|iPhone.ActiveCfg = Release|Any CPU
		{D27111A7-9A40-4EFB-A46D-B532DB25D546}.Release|iPhone.Build.0 = Release|Any CPU
		{D27111A7-9A40-4EFB-A46D-B532DB25D546}.Release|iPhoneSimulator.ActiveCfg = Release|Any CPU
		{D27111A7-9A40-4EFB-A46D-B532DB25D546}.Release|iPhoneSimulator.Build.0 = Release|Any CPU
		{CE26CFAC-38A7-4F90-ABBD-FC3351510B1F}.Debug|Any CPU.ActiveCfg = Debug|Any CPU
		{CE26CFAC-38A7-4F90-ABBD-FC3351510B1F}.Debug|Any CPU.Build.0 = Debug|Any CPU
		{CE26CFAC-38A7-4F90-ABBD-FC3351510B1F}.Debug|Any CPU.Deploy.0 = Debug|Any CPU
		{CE26CFAC-38A7-4F90-ABBD-FC3351510B1F}.Debug|iPhone.ActiveCfg = Debug|Any CPU
		{CE26CFAC-38A7-4F90-ABBD-FC3351510B1F}.Debug|iPhone.Build.0 = Debug|Any CPU
		{CE26CFAC-38A7-4F90-ABBD-FC3351510B1F}.Debug|iPhone.Deploy.0 = Debug|Any CPU
		{CE26CFAC-38A7-4F90-ABBD-FC3351510B1F}.Debug|iPhoneSimulator.ActiveCfg = Debug|Any CPU
		{CE26CFAC-38A7-4F90-ABBD-FC3351510B1F}.Debug|iPhoneSimulator.Build.0 = Debug|Any CPU
		{CE26CFAC-38A7-4F90-ABBD-FC3351510B1F}.Debug|iPhoneSimulator.Deploy.0 = Debug|Any CPU
		{CE26CFAC-38A7-4F90-ABBD-FC3351510B1F}.Release|Any CPU.ActiveCfg = Release|Any CPU
		{CE26CFAC-38A7-4F90-ABBD-FC3351510B1F}.Release|Any CPU.Build.0 = Release|Any CPU
		{CE26CFAC-38A7-4F90-ABBD-FC3351510B1F}.Release|Any CPU.Deploy.0 = Release|Any CPU
		{CE26CFAC-38A7-4F90-ABBD-FC3351510B1F}.Release|iPhone.ActiveCfg = Release|Any CPU
		{CE26CFAC-38A7-4F90-ABBD-FC3351510B1F}.Release|iPhone.Build.0 = Release|Any CPU
		{CE26CFAC-38A7-4F90-ABBD-FC3351510B1F}.Release|iPhone.Deploy.0 = Release|Any CPU
		{CE26CFAC-38A7-4F90-ABBD-FC3351510B1F}.Release|iPhoneSimulator.ActiveCfg = Release|Any CPU
		{CE26CFAC-38A7-4F90-ABBD-FC3351510B1F}.Release|iPhoneSimulator.Build.0 = Release|Any CPU
		{CE26CFAC-38A7-4F90-ABBD-FC3351510B1F}.Release|iPhoneSimulator.Deploy.0 = Release|Any CPU
		{8E8B0E5C-2CB8-4961-A97B-DEFD8AA5E344}.Debug|Any CPU.ActiveCfg = Debug|iPhoneSimulator
		{8E8B0E5C-2CB8-4961-A97B-DEFD8AA5E344}.Debug|iPhone.ActiveCfg = Debug|iPhone
		{8E8B0E5C-2CB8-4961-A97B-DEFD8AA5E344}.Debug|iPhone.Build.0 = Debug|iPhone
		{8E8B0E5C-2CB8-4961-A97B-DEFD8AA5E344}.Debug|iPhoneSimulator.ActiveCfg = Debug|iPhoneSimulator
		{8E8B0E5C-2CB8-4961-A97B-DEFD8AA5E344}.Debug|iPhoneSimulator.Build.0 = Debug|iPhoneSimulator
		{8E8B0E5C-2CB8-4961-A97B-DEFD8AA5E344}.Release|Any CPU.ActiveCfg = Release|iPhoneSimulator
		{8E8B0E5C-2CB8-4961-A97B-DEFD8AA5E344}.Release|iPhone.ActiveCfg = Release|iPhone
		{8E8B0E5C-2CB8-4961-A97B-DEFD8AA5E344}.Release|iPhone.Build.0 = Release|iPhone
		{8E8B0E5C-2CB8-4961-A97B-DEFD8AA5E344}.Release|iPhoneSimulator.ActiveCfg = Release|iPhoneSimulator
		{8E8B0E5C-2CB8-4961-A97B-DEFD8AA5E344}.Release|iPhoneSimulator.Build.0 = Release|iPhoneSimulator
		{8F89B7BB-D572-4E82-87DE-7EA34CFEDE1A}.Debug|Any CPU.ActiveCfg = Debug|Any CPU
		{8F89B7BB-D572-4E82-87DE-7EA34CFEDE1A}.Debug|Any CPU.Build.0 = Debug|Any CPU
		{8F89B7BB-D572-4E82-87DE-7EA34CFEDE1A}.Debug|iPhone.ActiveCfg = Debug|Any CPU
		{8F89B7BB-D572-4E82-87DE-7EA34CFEDE1A}.Debug|iPhone.Build.0 = Debug|Any CPU
		{8F89B7BB-D572-4E82-87DE-7EA34CFEDE1A}.Debug|iPhoneSimulator.ActiveCfg = Debug|Any CPU
		{8F89B7BB-D572-4E82-87DE-7EA34CFEDE1A}.Debug|iPhoneSimulator.Build.0 = Debug|Any CPU
		{8F89B7BB-D572-4E82-87DE-7EA34CFEDE1A}.Release|Any CPU.ActiveCfg = Release|Any CPU
		{8F89B7BB-D572-4E82-87DE-7EA34CFEDE1A}.Release|Any CPU.Build.0 = Release|Any CPU
		{8F89B7BB-D572-4E82-87DE-7EA34CFEDE1A}.Release|iPhone.ActiveCfg = Release|Any CPU
		{8F89B7BB-D572-4E82-87DE-7EA34CFEDE1A}.Release|iPhone.Build.0 = Release|Any CPU
		{8F89B7BB-D572-4E82-87DE-7EA34CFEDE1A}.Release|iPhoneSimulator.ActiveCfg = Release|Any CPU
		{8F89B7BB-D572-4E82-87DE-7EA34CFEDE1A}.Release|iPhoneSimulator.Build.0 = Release|Any CPU
	EndGlobalSection
	GlobalSection(SolutionProperties) = preSolution
		HideSolutionNode = FALSE
	EndGlobalSection
	GlobalSection(ExtensibilityGlobals) = postSolution
		SolutionGuid = {EEF6A836-2910-4A95-9FDE-86946C1BDC59}
	EndGlobalSection
EndGlobal
