
Microsoft Visual Studio Solution File, Format Version 12.00
# Visual Studio Version 16
VisualStudioVersion = 16.0.29418.71
MinimumVisualStudioVersion = 10.0.40219.1
Project("{FAE04EC0-301F-11D3-BF4B-00C04F79EFBC}") = "Plugin.XF.AppInstallHelper", "Plugin.XF.AppInstallHelper\Plugin.XF.AppInstallHelper.csproj", "{DAF5BE0B-924C-4808-8209-01A7762BBD00}"
EndProject
Project("{FAE04EC0-301F-11D3-BF4B-00C04F79EFBC}") = "Plugin.XF.AppInstallHelper.Abstractions", "Plugin.XF.AppInstallHelper.Abstractions\Plugin.XF.AppInstallHelper.Abstractions.csproj", "{598CF1CC-6DAF-465A-ADC0-EC2DA7B08F06}"
EndProject
Project("{FAE04EC0-301F-11D3-BF4B-00C04F79EFBC}") = "Plugin.XF.AppInstallHelper.Android", "Plugin.XF.AppInstallHelper.Android\Plugin.XF.AppInstallHelper.Android.csproj", "{D3E706A9-E4EC-4C1B-A8E0-E4F14255E832}"
EndProject
Project("{FAE04EC0-301F-11D3-BF4B-00C04F79EFBC}") = "Plugin.XF.AppInstallHelper.iOS", "Plugin.XF.AppInstallHelper.iOS\Plugin.XF.AppInstallHelper.iOS.csproj", "{E71F3053-056C-4381-9638-048ED73BDFF6}"
EndProject
Project("{FAE04EC0-301F-11D3-BF4B-00C04F79EFBC}") = "Plugin.XF.AppInstallHelper.Sample.Android", "Plugin.XF.AppInstallHelper.Sample\Plugin.XF.AppInstallHelper.Sample.Android\Plugin.XF.AppInstallHelper.Sample.Android.csproj", "{CDF4CDEC-68F4-4225-91AD-B08D68AF8A5F}"
EndProject
Project("{FAE04EC0-301F-11D3-BF4B-00C04F79EFBC}") = "Plugin.XF.AppInstallHelper.Sample.iOS", "Plugin.XF.AppInstallHelper.Sample\Plugin.XF.AppInstallHelper.Sample.iOS\Plugin.XF.AppInstallHelper.Sample.iOS.csproj", "{957760C5-4FED-486A-985A-0A91FEF5A024}"
EndProject
Project("{9A19103F-16F7-4668-BE54-9A1E7A4F7556}") = "Plugin.XF.AppInstallHelper.Sample", "Plugin.XF.AppInstallHelper.Sample\Plugin.XF.AppInstallHelper.Sample\Plugin.XF.AppInstallHelper.Sample.csproj", "{ED919A76-2163-4611-95A1-C0F2AFB8EDC4}"
EndProject
Global
	GlobalSection(SolutionConfigurationPlatforms) = preSolution
		Debug|Any CPU = Debug|Any CPU
		Debug|iPhone = Debug|iPhone
		Debug|iPhoneSimulator = Debug|iPhoneSimulator
		Release|Any CPU = Release|Any CPU
		Release|iPhone = Release|iPhone
		Release|iPhoneSimulator = Release|iPhoneSimulator
	EndGlobalSection
	GlobalSection(ProjectConfigurationPlatforms) = postSolution
		{DAF5BE0B-924C-4808-8209-01A7762BBD00}.Debug|Any CPU.ActiveCfg = Debug|Any CPU
		{DAF5BE0B-924C-4808-8209-01A7762BBD00}.Debug|Any CPU.Build.0 = Debug|Any CPU
		{DAF5BE0B-924C-4808-8209-01A7762BBD00}.Debug|iPhone.ActiveCfg = Debug|Any CPU
		{DAF5BE0B-924C-4808-8209-01A7762BBD00}.Debug|iPhone.Build.0 = Debug|Any CPU
		{DAF5BE0B-924C-4808-8209-01A7762BBD00}.Debug|iPhoneSimulator.ActiveCfg = Debug|Any CPU
		{DAF5BE0B-924C-4808-8209-01A7762BBD00}.Debug|iPhoneSimulator.Build.0 = Debug|Any CPU
		{DAF5BE0B-924C-4808-8209-01A7762BBD00}.Release|Any CPU.ActiveCfg = Release|Any CPU
		{DAF5BE0B-924C-4808-8209-01A7762BBD00}.Release|Any CPU.Build.0 = Release|Any CPU
		{DAF5BE0B-924C-4808-8209-01A7762BBD00}.Release|iPhone.ActiveCfg = Release|Any CPU
		{DAF5BE0B-924C-4808-8209-01A7762BBD00}.Release|iPhone.Build.0 = Release|Any CPU
		{DAF5BE0B-924C-4808-8209-01A7762BBD00}.Release|iPhoneSimulator.ActiveCfg = Release|Any CPU
		{DAF5BE0B-924C-4808-8209-01A7762BBD00}.Release|iPhoneSimulator.Build.0 = Release|Any CPU
		{598CF1CC-6DAF-465A-ADC0-EC2DA7B08F06}.Debug|Any CPU.ActiveCfg = Debug|Any CPU
		{598CF1CC-6DAF-465A-ADC0-EC2DA7B08F06}.Debug|Any CPU.Build.0 = Debug|Any CPU
		{598CF1CC-6DAF-465A-ADC0-EC2DA7B08F06}.Debug|iPhone.ActiveCfg = Debug|Any CPU
		{598CF1CC-6DAF-465A-ADC0-EC2DA7B08F06}.Debug|iPhone.Build.0 = Debug|Any CPU
		{598CF1CC-6DAF-465A-ADC0-EC2DA7B08F06}.Debug|iPhoneSimulator.ActiveCfg = Debug|Any CPU
		{598CF1CC-6DAF-465A-ADC0-EC2DA7B08F06}.Debug|iPhoneSimulator.Build.0 = Debug|Any CPU
		{598CF1CC-6DAF-465A-ADC0-EC2DA7B08F06}.Release|Any CPU.ActiveCfg = Release|Any CPU
		{598CF1CC-6DAF-465A-ADC0-EC2DA7B08F06}.Release|Any CPU.Build.0 = Release|Any CPU
		{598CF1CC-6DAF-465A-ADC0-EC2DA7B08F06}.Release|iPhone.ActiveCfg = Release|Any CPU
		{598CF1CC-6DAF-465A-ADC0-EC2DA7B08F06}.Release|iPhone.Build.0 = Release|Any CPU
		{598CF1CC-6DAF-465A-ADC0-EC2DA7B08F06}.Release|iPhoneSimulator.ActiveCfg = Release|Any CPU
		{598CF1CC-6DAF-465A-ADC0-EC2DA7B08F06}.Release|iPhoneSimulator.Build.0 = Release|Any CPU
		{D3E706A9-E4EC-4C1B-A8E0-E4F14255E832}.Debug|Any CPU.ActiveCfg = Debug|Any CPU
		{D3E706A9-E4EC-4C1B-A8E0-E4F14255E832}.Debug|Any CPU.Build.0 = Debug|Any CPU
		{D3E706A9-E4EC-4C1B-A8E0-E4F14255E832}.Debug|iPhone.ActiveCfg = Debug|Any CPU
		{D3E706A9-E4EC-4C1B-A8E0-E4F14255E832}.Debug|iPhone.Build.0 = Debug|Any CPU
		{D3E706A9-E4EC-4C1B-A8E0-E4F14255E832}.Debug|iPhoneSimulator.ActiveCfg = Debug|Any CPU
		{D3E706A9-E4EC-4C1B-A8E0-E4F14255E832}.Debug|iPhoneSimulator.Build.0 = Debug|Any CPU
		{D3E706A9-E4EC-4C1B-A8E0-E4F14255E832}.Release|Any CPU.ActiveCfg = Release|Any CPU
		{D3E706A9-E4EC-4C1B-A8E0-E4F14255E832}.Release|Any CPU.Build.0 = Release|Any CPU
		{D3E706A9-E4EC-4C1B-A8E0-E4F14255E832}.Release|iPhone.ActiveCfg = Release|Any CPU
		{D3E706A9-E4EC-4C1B-A8E0-E4F14255E832}.Release|iPhone.Build.0 = Release|Any CPU
		{D3E706A9-E4EC-4C1B-A8E0-E4F14255E832}.Release|iPhoneSimulator.ActiveCfg = Release|Any CPU
		{D3E706A9-E4EC-4C1B-A8E0-E4F14255E832}.Release|iPhoneSimulator.Build.0 = Release|Any CPU
		{E71F3053-056C-4381-9638-048ED73BDFF6}.Debug|Any CPU.ActiveCfg = Debug|Any CPU
		{E71F3053-056C-4381-9638-048ED73BDFF6}.Debug|Any CPU.Build.0 = Debug|Any CPU
		{E71F3053-056C-4381-9638-048ED73BDFF6}.Debug|iPhone.ActiveCfg = Debug|Any CPU
		{E71F3053-056C-4381-9638-048ED73BDFF6}.Debug|iPhone.Build.0 = Debug|Any CPU
		{E71F3053-056C-4381-9638-048ED73BDFF6}.Debug|iPhoneSimulator.ActiveCfg = Debug|Any CPU
		{E71F3053-056C-4381-9638-048ED73BDFF6}.Debug|iPhoneSimulator.Build.0 = Debug|Any CPU
		{E71F3053-056C-4381-9638-048ED73BDFF6}.Release|Any CPU.ActiveCfg = Release|Any CPU
		{E71F3053-056C-4381-9638-048ED73BDFF6}.Release|Any CPU.Build.0 = Release|Any CPU
		{E71F3053-056C-4381-9638-048ED73BDFF6}.Release|iPhone.ActiveCfg = Release|Any CPU
		{E71F3053-056C-4381-9638-048ED73BDFF6}.Release|iPhone.Build.0 = Release|Any CPU
		{E71F3053-056C-4381-9638-048ED73BDFF6}.Release|iPhoneSimulator.ActiveCfg = Release|Any CPU
		{E71F3053-056C-4381-9638-048ED73BDFF6}.Release|iPhoneSimulator.Build.0 = Release|Any CPU
		{CDF4CDEC-68F4-4225-91AD-B08D68AF8A5F}.Debug|Any CPU.ActiveCfg = Debug|Any CPU
		{CDF4CDEC-68F4-4225-91AD-B08D68AF8A5F}.Debug|Any CPU.Build.0 = Debug|Any CPU
		{CDF4CDEC-68F4-4225-91AD-B08D68AF8A5F}.Debug|Any CPU.Deploy.0 = Debug|Any CPU
		{CDF4CDEC-68F4-4225-91AD-B08D68AF8A5F}.Debug|iPhone.ActiveCfg = Debug|Any CPU
		{CDF4CDEC-68F4-4225-91AD-B08D68AF8A5F}.Debug|iPhone.Build.0 = Debug|Any CPU
		{CDF4CDEC-68F4-4225-91AD-B08D68AF8A5F}.Debug|iPhone.Deploy.0 = Debug|Any CPU
		{CDF4CDEC-68F4-4225-91AD-B08D68AF8A5F}.Debug|iPhoneSimulator.ActiveCfg = Debug|Any CPU
		{CDF4CDEC-68F4-4225-91AD-B08D68AF8A5F}.Debug|iPhoneSimulator.Build.0 = Debug|Any CPU
		{CDF4CDEC-68F4-4225-91AD-B08D68AF8A5F}.Debug|iPhoneSimulator.Deploy.0 = Debug|Any CPU
		{CDF4CDEC-68F4-4225-91AD-B08D68AF8A5F}.Release|Any CPU.ActiveCfg = Release|Any CPU
		{CDF4CDEC-68F4-4225-91AD-B08D68AF8A5F}.Release|Any CPU.Build.0 = Release|Any CPU
		{CDF4CDEC-68F4-4225-91AD-B08D68AF8A5F}.Release|Any CPU.Deploy.0 = Release|Any CPU
		{CDF4CDEC-68F4-4225-91AD-B08D68AF8A5F}.Release|iPhone.ActiveCfg = Release|Any CPU
		{CDF4CDEC-68F4-4225-91AD-B08D68AF8A5F}.Release|iPhone.Build.0 = Release|Any CPU
		{CDF4CDEC-68F4-4225-91AD-B08D68AF8A5F}.Release|iPhone.Deploy.0 = Release|Any CPU
		{CDF4CDEC-68F4-4225-91AD-B08D68AF8A5F}.Release|iPhoneSimulator.ActiveCfg = Release|Any CPU
		{CDF4CDEC-68F4-4225-91AD-B08D68AF8A5F}.Release|iPhoneSimulator.Build.0 = Release|Any CPU
		{CDF4CDEC-68F4-4225-91AD-B08D68AF8A5F}.Release|iPhoneSimulator.Deploy.0 = Release|Any CPU
		{957760C5-4FED-486A-985A-0A91FEF5A024}.Debug|Any CPU.ActiveCfg = Debug|iPhone
		{957760C5-4FED-486A-985A-0A91FEF5A024}.Debug|iPhone.ActiveCfg = Debug|iPhone
		{957760C5-4FED-486A-985A-0A91FEF5A024}.Debug|iPhone.Build.0 = Debug|iPhone
		{957760C5-4FED-486A-985A-0A91FEF5A024}.Debug|iPhoneSimulator.ActiveCfg = Debug|iPhoneSimulator
		{957760C5-4FED-486A-985A-0A91FEF5A024}.Debug|iPhoneSimulator.Build.0 = Debug|iPhoneSimulator
		{957760C5-4FED-486A-985A-0A91FEF5A024}.Release|Any CPU.ActiveCfg = Release|iPhone
		{957760C5-4FED-486A-985A-0A91FEF5A024}.Release|iPhone.ActiveCfg = Release|iPhone
		{957760C5-4FED-486A-985A-0A91FEF5A024}.Release|iPhone.Build.0 = Release|iPhone
		{957760C5-4FED-486A-985A-0A91FEF5A024}.Release|iPhoneSimulator.ActiveCfg = Release|iPhoneSimulator
		{957760C5-4FED-486A-985A-0A91FEF5A024}.Release|iPhoneSimulator.Build.0 = Release|iPhoneSimulator
		{ED919A76-2163-4611-95A1-C0F2AFB8EDC4}.Debug|Any CPU.ActiveCfg = Debug|Any CPU
		{ED919A76-2163-4611-95A1-C0F2AFB8EDC4}.Debug|Any CPU.Build.0 = Debug|Any CPU
		{ED919A76-2163-4611-95A1-C0F2AFB8EDC4}.Debug|iPhone.ActiveCfg = Debug|Any CPU
		{ED919A76-2163-4611-95A1-C0F2AFB8EDC4}.Debug|iPhone.Build.0 = Debug|Any CPU
		{ED919A76-2163-4611-95A1-C0F2AFB8EDC4}.Debug|iPhoneSimulator.ActiveCfg = Debug|Any CPU
		{ED919A76-2163-4611-95A1-C0F2AFB8EDC4}.Debug|iPhoneSimulator.Build.0 = Debug|Any CPU
		{ED919A76-2163-4611-95A1-C0F2AFB8EDC4}.Release|Any CPU.ActiveCfg = Release|Any CPU
		{ED919A76-2163-4611-95A1-C0F2AFB8EDC4}.Release|Any CPU.Build.0 = Release|Any CPU
		{ED919A76-2163-4611-95A1-C0F2AFB8EDC4}.Release|iPhone.ActiveCfg = Release|Any CPU
		{ED919A76-2163-4611-95A1-C0F2AFB8EDC4}.Release|iPhone.Build.0 = Release|Any CPU
		{ED919A76-2163-4611-95A1-C0F2AFB8EDC4}.Release|iPhoneSimulator.ActiveCfg = Release|Any CPU
		{ED919A76-2163-4611-95A1-C0F2AFB8EDC4}.Release|iPhoneSimulator.Build.0 = Release|Any CPU
	EndGlobalSection
	GlobalSection(SolutionProperties) = preSolution
		HideSolutionNode = FALSE
	EndGlobalSection
	GlobalSection(ExtensibilityGlobals) = postSolution
		SolutionGuid = {EEF6A836-2910-4A95-9FDE-86946C1BDC59}
	EndGlobalSection
EndGlobal
